
Microsoft Visual Studio Solution File, Format Version 12.00
# Visual Studio Version 16
VisualStudioVersion = 16.0.32510.428
MinimumVisualStudioVersion = 10.0.40219.1
Project("{FAE04EC0-301F-11D3-BF4B-00C04F79EFBC}") = "ConsoleApp4", "ConsoleApp4\ConsoleApp4.csproj", "{B6B7ACFE-DCDB-4C7E-AF82-CA6C92F36189}"
EndProject
Project("{9A19103F-16F7-4668-BE54-9A1E7A4F7556}") = "ConsoleApp3", "..\..\New folder\Dot-net\ConsoleApp3\ConsoleApp3\ConsoleApp3.csproj", "{D013BB4E-3525-487D-8588-3016FA308ED6}"
EndProject
Global
	GlobalSection(SolutionConfigurationPlatforms) = preSolution
		Debug|Any CPU = Debug|Any CPU
		Release|Any CPU = Release|Any CPU
	EndGlobalSection
	GlobalSection(ProjectConfigurationPlatforms) = postSolution
		{B6B7ACFE-DCDB-4C7E-AF82-CA6C92F36189}.Debug|Any CPU.ActiveCfg = Debug|Any CPU
		{B6B7ACFE-DCDB-4C7E-AF82-CA6C92F36189}.Debug|Any CPU.Build.0 = Debug|Any CPU
		{B6B7ACFE-DCDB-4C7E-AF82-CA6C92F36189}.Release|Any CPU.ActiveCfg = Release|Any CPU
		{B6B7ACFE-DCDB-4C7E-AF82-CA6C92F36189}.Release|Any CPU.Build.0 = Release|Any CPU
		{D013BB4E-3525-487D-8588-3016FA308ED6}.Debug|Any CPU.ActiveCfg = Debug|Any CPU
		{D013BB4E-3525-487D-8588-3016FA308ED6}.Debug|Any CPU.Build.0 = Debug|Any CPU
		{D013BB4E-3525-487D-8588-3016FA308ED6}.Release|Any CPU.ActiveCfg = Release|Any CPU
		{D013BB4E-3525-487D-8588-3016FA308ED6}.Release|Any CPU.Build.0 = Release|Any CPU
	EndGlobalSection
	GlobalSection(SolutionProperties) = preSolution
		HideSolutionNode = FALSE
	EndGlobalSection
	GlobalSection(ExtensibilityGlobals) = postSolution
		SolutionGuid = {EF715721-5545-4C91-A199-508F2F086C0A}
	EndGlobalSection
EndGlobal
